// !$*UTF8*$!
{
	archiveVersion = 1;
	classes = {
	};
	objectVersion = 77;
	objects = {

/* Begin PBXBuildFile section */
		9FD2E34B2F5E200D005AED08 /* Supabase in Frameworks */ = {isa = PBXBuildFile; productRef = 9F592DA12DFF0B7D00525BF9 /* Supabase */; };
		9FDCE9C42E089EAD00F39677 /* critical scan beep.wav in Resources */ = {isa = PBXBuildFile; fileRef = 9FDCE9C32E089EAD00F39677 /* critical scan beep.wav */; };
		9FE4B7D72E02687B006EF4A6 /* short-beep-351721.mp3 in Resources */ = {isa = PBXBuildFile; fileRef = 9FE4B7D62E02687B006EF4A6 /* short-beep-351721.mp3 */; };
/* End PBXBuildFile section */

/* Begin PBXContainerItemProxy section */
		9F592D7D2DFF0B7E00525BF9 /* PBXContainerItemProxy */ = {
			isa = PBXContainerItemProxy;
			containerPortal = 9F592D672DFF0B7D00525BF9 /* Project object */;
			proxyType = 1;
			remoteGlobalIDString = 9F592D6E2DFF0B7D00525BF9;
			remoteInfo = FootballScanningAI;
		};
		9F592D872DFF0B7E00525BF9 /* PBXContainerItemProxy */ = {
			isa = PBXContainerItemProxy;
			containerPortal = 9F592D672DFF0B7D00525BF9 /* Project object */;
			proxyType = 1;
			remoteGlobalIDString = 9F592D6E2DFF0B7D00525BF9;
			remoteInfo = FootballScanningAI;
		};
/* End PBXContainerItemProxy section */

/* Begin PBXFileReference section */
		9F592D6F2DFF0B7D00525BF9 /* Infinite Football Scanning Pro.app */ = {isa = PBXFileReference; explicitFileType = wrapper.application; includeInIndex = 0; path = "Infinite Football Scanning Pro.app"; sourceTree = BUILT_PRODUCTS_DIR; };
		9F592D7C2DFF0B7E00525BF9 /* FootballScanningAITests.xctest */ = {isa = PBXFileReference; explicitFileType = wrapper.cfbundle; includeInIndex = 0; path = FootballScanningAITests.xctest; sourceTree = BUILT_PRODUCTS_DIR; };
		9F592D862DFF0B7E00525BF9 /* FootballScanningAIUITests.xctest */ = {isa = PBXFileReference; explicitFileType = wrapper.cfbundle; includeInIndex = 0; path = FootballScanningAIUITests.xctest; sourceTree = BUILT_PRODUCTS_DIR; };
		9F592DB02DFF0B7D00525BF9 /* Secrets.xcconfig */ = {isa = PBXFileReference; lastKnownFileType = text.xcconfig; path = Secrets.xcconfig; sourceTree = "<group>"; };
		9FD2E4602F5E500D005AED0A /* Config/App-Debug.xcconfig */ = {isa = PBXFileReference; lastKnownFileType = text.xcconfig; path = "Config/App-Debug.xcconfig"; sourceTree = "<group>"; };
		9FD2E4612F5E500D005AED0B /* Config/App-Release.xcconfig */ = {isa = PBXFileReference; lastKnownFileType = text.xcconfig; path = "Config/App-Release.xcconfig"; sourceTree = "<group>"; };
		9FD2E4622F5E500D005AED0C /* Config/RelayDebug.xcconfig */ = {isa = PBXFileReference; lastKnownFileType = text.xcconfig; path = Config/RelayDebug.xcconfig; sourceTree = "<group>"; };
		9FD2E4632F5E500D005AED0D /* Config/RelayRelease.xcconfig */ = {isa = PBXFileReference; lastKnownFileType = text.xcconfig; path = Config/RelayRelease.xcconfig; sourceTree = "<group>"; };
		9FDCE9C32E089EAD00F39677 /* critical scan beep.wav */ = {isa = PBXFileReference; lastKnownFileType = audio.wav; path = "critical scan beep.wav"; sourceTree = "<group>"; };
		9FE4B7D62E02687B006EF4A6 /* short-beep-351721.mp3 */ = {isa = PBXFileReference; lastKnownFileType = audio.mp3; path = "short-beep-351721.mp3"; sourceTree = "<group>"; };
/* End PBXFileReference section */

/* Begin PBXFileSystemSynchronizedBuildFileExceptionSet section */
		9FD2E43B2F5E45CB005AED08 /* Exceptions for "FootballScanningAITests" folder in "FootballScanningAITests" target */ = {
			isa = PBXFileSystemSynchronizedBuildFileExceptionSet;
			membershipExceptions = (
				Info.plist,
			);
			target = 9F592D7B2DFF0B7E00525BF9 /* FootballScanningAITests */;
		};
/* End PBXFileSystemSynchronizedBuildFileExceptionSet section */

/* Begin PBXFileSystemSynchronizedRootGroup section */
		9F592D712DFF0B7D00525BF9 /* FootballScanningAI */ = {
			isa = PBXFileSystemSynchronizedRootGroup;
			path = FootballScanningAI;
			sourceTree = "<group>";
		};
		9F592D7F2DFF0B7E00525BF9 /* FootballScanningAITests */ = {
			isa = PBXFileSystemSynchronizedRootGroup;
			exceptions = (
				9FD2E43B2F5E45CB005AED08 /* Exceptions for "FootballScanningAITests" folder in "FootballScanningAITests" target */,
			);
			path = FootballScanningAITests;
			sourceTree = "<group>";
		};
		9F592D892DFF0B7E00525BF9 /* FootballScanningAIUITests */ = {
			isa = PBXFileSystemSynchronizedRootGroup;
			path = FootballScanningAIUITests;
			sourceTree = "<group>";
		};
/* End PBXFileSystemSynchronizedRootGroup section */

/* Begin PBXFrameworksBuildPhase section */
		9F592D6C2DFF0B7D00525BF9 /* Frameworks */ = {
			isa = PBXFrameworksBuildPhase;
			buildActionMask = 2147483647;
			files = (
				9FD2E34B2F5E200D005AED08 /* Supabase in Frameworks */,
			);
			runOnlyForDeploymentPostprocessing = 0;
		};
		9F592D792DFF0B7E00525BF9 /* Frameworks */ = {
			isa = PBXFrameworksBuildPhase;
			buildActionMask = 2147483647;
			files = (
			);
			runOnlyForDeploymentPostprocessing = 0;
		};
		9F592D832DFF0B7E00525BF9 /* Frameworks */ = {
			isa = PBXFrameworksBuildPhase;
			buildActionMask = 2147483647;
			files = (
			);
			runOnlyForDeploymentPostprocessing = 0;
		};
/* End PBXFrameworksBuildPhase section */

/* Begin PBXGroup section */
		9F592D662DFF0B7D00525BF9 = {
			isa = PBXGroup;
			children = (
				9FE4B7D62E02687B006EF4A6 /* short-beep-351721.mp3 */,
				9FDCE9C32E089EAD00F39677 /* critical scan beep.wav */,
				9F592D712DFF0B7D00525BF9 /* FootballScanningAI */,
				9F592D7F2DFF0B7E00525BF9 /* FootballScanningAITests */,
				9F592D892DFF0B7E00525BF9 /* FootballScanningAIUITests */,
				9F592D702DFF0B7D00525BF9 /* Products */,
				9F592DB02DFF0B7D00525BF9 /* Secrets.xcconfig */,
				9FD2E4602F5E500D005AED0A /* Config/App-Debug.xcconfig */,
				9FD2E4612F5E500D005AED0B /* Config/App-Release.xcconfig */,
				9FD2E4622F5E500D005AED0C /* Config/RelayDebug.xcconfig */,
				9FD2E4632F5E500D005AED0D /* Config/RelayRelease.xcconfig */,
			);
			sourceTree = "<group>";
		};
		9F592D702DFF0B7D00525BF9 /* Products */ = {
			isa = PBXGroup;
			children = (
				9F592D6F2DFF0B7D00525BF9 /* Infinite Football Scanning Pro.app */,
				9F592D7C2DFF0B7E00525BF9 /* FootballScanningAITests.xctest */,
				9F592D862DFF0B7E00525BF9 /* FootballScanningAIUITests.xctest */,
			);
			name = Products;
			sourceTree = "<group>";
		};
/* End PBXGroup section */

/* Begin PBXNativeTarget section */
		9F592D6E2DFF0B7D00525BF9 /* InfiniteFootballScanningPro */ = {
			isa = PBXNativeTarget;
			buildConfigurationList = 9F592D902DFF0B7E00525BF9 /* Build configuration list for PBXNativeTarget "InfiniteFootballScanningPro" */;
			buildPhases = (
				9F592D6B2DFF0B7D00525BF9 /* Sources */,
				9F592D6C2DFF0B7D00525BF9 /* Frameworks */,
				9F592D6D2DFF0B7D00525BF9 /* Resources */,
			);
			buildRules = (
			);
			dependencies = (
			);
			fileSystemSynchronizedGroups = (
				9F592D712DFF0B7D00525BF9 /* FootballScanningAI */,
			);
			name = InfiniteFootballScanningPro;
			packageProductDependencies = (
				9F592DA12DFF0B7D00525BF9 /* Supabase */,
			);
			productName = InfiniteFootballScanningPro;
			productReference = 9F592D6F2DFF0B7D00525BF9 /* Infinite Football Scanning Pro.app */;
			productType = "com.apple.product-type.application";
		};
		9F592D7B2DFF0B7E00525BF9 /* FootballScanningAITests */ = {
			isa = PBXNativeTarget;
			buildConfigurationList = 9F592D932DFF0B7E00525BF9 /* Build configuration list for PBXNativeTarget "FootballScanningAITests" */;
			buildPhases = (
				9F592D782DFF0B7E00525BF9 /* Sources */,
				9F592D792DFF0B7E00525BF9 /* Frameworks */,
				9F592D7A2DFF0B7E00525BF9 /* Resources */,
			);
			buildRules = (
			);
			dependencies = (
				9F592D7E2DFF0B7E00525BF9 /* PBXTargetDependency */,
			);
			fileSystemSynchronizedGroups = (
				9F592D7F2DFF0B7E00525BF9 /* FootballScanningAITests */,
			);
			name = FootballScanningAITests;
			packageProductDependencies = (
			);
			productName = FootballScanningAITests;
			productReference = 9F592D7C2DFF0B7E00525BF9 /* FootballScanningAITests.xctest */;
			productType = "com.apple.product-type.bundle.unit-test";
		};
		9F592D852DFF0B7E00525BF9 /* FootballScanningAIUITests */ = {
			isa = PBXNativeTarget;
			buildConfigurationList = 9F592D962DFF0B7E00525BF9 /* Build configuration list for PBXNativeTarget "FootballScanningAIUITests" */;
			buildPhases = (
				9F592D822DFF0B7E00525BF9 /* Sources */,
				9F592D832DFF0B7E00525BF9 /* Frameworks */,
				9F592D842DFF0B7E00525BF9 /* Resources */,
			);
			buildRules = (
			);
			dependencies = (
				9F592D882DFF0B7E00525BF9 /* PBXTargetDependency */,
			);
			fileSystemSynchronizedGroups = (
				9F592D892DFF0B7E00525BF9 /* FootballScanningAIUITests */,
			);
			name = FootballScanningAIUITests;
			packageProductDependencies = (
			);
			productName = FootballScanningAIUITests;
			productReference = 9F592D862DFF0B7E00525BF9 /* FootballScanningAIUITests.xctest */;
			productType = "com.apple.product-type.bundle.ui-testing";
		};
/* End PBXNativeTarget section */

/* Begin PBXProject section */
		9F592D672DFF0B7D00525BF9 /* Project object */ = {
			isa = PBXProject;
			attributes = {
				BuildIndependentTargetsInParallel = 1;
				LastSwiftUpdateCheck = 2600;
				LastUpgradeCheck = 2620;
				TargetAttributes = {
					9F592D6E2DFF0B7D00525BF9 = {
						CreatedOnToolsVersion = 26.0;
					};
					9F592D7B2DFF0B7E00525BF9 = {
						CreatedOnToolsVersion = 26.0;
						TestTargetID = 9F592D6E2DFF0B7D00525BF9;
					};
					9F592D852DFF0B7E00525BF9 = {
						CreatedOnToolsVersion = 26.0;
						TestTargetID = 9F592D6E2DFF0B7D00525BF9;
					};
				};
			};
			buildConfigurationList = 9F592D6A2DFF0B7D00525BF9 /* Build configuration list for PBXProject "FootballScanningAI" */;
			developmentRegion = en;
			hasScannedForEncodings = 0;
			knownRegions = (
				en,
				Base,
			);
			mainGroup = 9F592D662DFF0B7D00525BF9;
			minimizedProjectReferenceProxies = 1;
			packageReferences = (
				9F592DA02DFF0B7D00525BF9 /* XCRemoteSwiftPackageReference "supabase-swift" */,
			);
			preferredProjectObjectVersion = 77;
			productRefGroup = 9F592D702DFF0B7D00525BF9 /* Products */;
			projectDirPath = "";
			projectRoot = "";
			targets = (
				9F592D6E2DFF0B7D00525BF9 /* InfiniteFootballScanningPro */,
				9F592D7B2DFF0B7E00525BF9 /* FootballScanningAITests */,
				9F592D852DFF0B7E00525BF9 /* FootballScanningAIUITests */,
			);
		};
/* End PBXProject section */

/* Begin PBXResourcesBuildPhase section */
		9F592D6D2DFF0B7D00525BF9 /* Resources */ = {
			isa = PBXResourcesBuildPhase;
			buildActionMask = 2147483647;
			files = (
				9FDCE9C42E089EAD00F39677 /* critical scan beep.wav in Resources */,
				9FE4B7D72E02687B006EF4A6 /* short-beep-351721.mp3 in Resources */,
			);
			runOnlyForDeploymentPostprocessing = 0;
		};
		9F592D7A2DFF0B7E00525BF9 /* Resources */ = {
			isa = PBXResourcesBuildPhase;
			buildActionMask = 2147483647;
			files = (
			);
			runOnlyForDeploymentPostprocessing = 0;
		};
		9F592D842DFF0B7E00525BF9 /* Resources */ = {
			isa = PBXResourcesBuildPhase;
			buildActionMask = 2147483647;
			files = (
			);
			runOnlyForDeploymentPostprocessing = 0;
		};
/* End PBXResourcesBuildPhase section */

/* Begin PBXSourcesBuildPhase section */
		9F592D6B2DFF0B7D00525BF9 /* Sources */ = {
			isa = PBXSourcesBuildPhase;
			buildActionMask = 2147483647;
			files = (
			);
			runOnlyForDeploymentPostprocessing = 0;
		};
		9F592D782DFF0B7E00525BF9 /* Sources */ = {
			isa = PBXSourcesBuildPhase;
			buildActionMask = 2147483647;
			files = (
			);
			runOnlyForDeploymentPostprocessing = 0;
		};
		9F592D822DFF0B7E00525BF9 /* Sources */ = {
			isa = PBXSourcesBuildPhase;
			buildActionMask = 2147483647;
			files = (
			);
			runOnlyForDeploymentPostprocessing = 0;
		};
/* End PBXSourcesBuildPhase section */

/* Begin PBXTargetDependency section */
		9F592D7E2DFF0B7E00525BF9 /* PBXTargetDependency */ = {
			isa = PBXTargetDependency;
			target = 9F592D6E2DFF0B7D00525BF9 /* InfiniteFootballScanningPro */;
			targetProxy = 9F592D7D2DFF0B7E00525BF9 /* PBXContainerItemProxy */;
		};
		9F592D882DFF0B7E00525BF9 /* PBXTargetDependency */ = {
			isa = PBXTargetDependency;
			target = 9F592D6E2DFF0B7D00525BF9 /* InfiniteFootballScanningPro */;
			targetProxy = 9F592D872DFF0B7E00525BF9 /* PBXContainerItemProxy */;
		};
/* End PBXTargetDependency section */

/* Begin XCBuildConfiguration section */
		9F592D8E2DFF0B7E00525BF9 /* Debug */ = {
			isa = XCBuildConfiguration;
			buildSettings = {
				ALWAYS_SEARCH_USER_PATHS = NO;
				ASSETCATALOG_COMPILER_GENERATE_SWIFT_ASSET_SYMBOL_EXTENSIONS = YES;
				CLANG_ANALYZER_NONNULL = YES;
				CLANG_ANALYZER_NUMBER_OBJECT_CONVERSION = YES_AGGRESSIVE;
				CLANG_CXX_LANGUAGE_STANDARD = "gnu++20";
				CLANG_ENABLE_MODULES = YES;
				CLANG_ENABLE_OBJC_ARC = YES;
				CLANG_ENABLE_OBJC_WEAK = YES;
				CLANG_WARN_BLOCK_CAPTURE_AUTORELEASING = YES;
				CLANG_WARN_BOOL_CONVERSION = YES;
				CLANG_WARN_COMMA = YES;
				CLANG_WARN_CONSTANT_CONVERSION = YES;
				CLANG_WARN_DEPRECATED_OBJC_IMPLEMENTATIONS = YES;
				CLANG_WARN_DIRECT_OBJC_ISA_USAGE = YES_ERROR;
				CLANG_WARN_DOCUMENTATION_COMMENTS = YES;
				CLANG_WARN_EMPTY_BODY = YES;
				CLANG_WARN_ENUM_CONVERSION = YES;
				CLANG_WARN_INFINITE_RECURSION = YES;
				CLANG_WARN_INT_CONVERSION = YES;
				CLANG_WARN_NON_LITERAL_NULL_CONVERSION = YES;
				CLANG_WARN_OBJC_IMPLICIT_RETAIN_SELF = YES;
				CLANG_WARN_OBJC_LITERAL_CONVERSION = YES;
				CLANG_WARN_OBJC_ROOT_CLASS = YES_ERROR;
				CLANG_WARN_QUOTED_INCLUDE_IN_FRAMEWORK_HEADER = YES;
				CLANG_WARN_RANGE_LOOP_ANALYSIS = YES;
				CLANG_WARN_STRICT_PROTOTYPES = YES;
				CLANG_WARN_SUSPICIOUS_MOVE = YES;
				CLANG_WARN_UNGUARDED_AVAILABILITY = YES_AGGRESSIVE;
				CLANG_WARN_UNREACHABLE_CODE = YES;
				CLANG_WARN__DUPLICATE_METHOD_MATCH = YES;
				COPY_PHASE_STRIP = NO;
				DEBUG_INFORMATION_FORMAT = dwarf;
				DEVELOPMENT_TEAM = 7XZF229B8W;
				ENABLE_STRICT_OBJC_MSGSEND = YES;
				ENABLE_TESTABILITY = YES;
				ENABLE_USER_SCRIPT_SANDBOXING = YES;
				GCC_C_LANGUAGE_STANDARD = gnu17;
				GCC_DYNAMIC_NO_PIC = NO;
				GCC_NO_COMMON_BLOCKS = YES;
				GCC_OPTIMIZATION_LEVEL = 0;
				GCC_PREPROCESSOR_DEFINITIONS = (
					"DEBUG=1",
					"$(inherited)",
				);
				GCC_WARN_64_TO_32_BIT_CONVERSION = YES;
				GCC_WARN_ABOUT_RETURN_TYPE = YES_ERROR;
				GCC_WARN_UNDECLARED_SELECTOR = YES;
				GCC_WARN_UNINITIALIZED_AUTOS = YES_AGGRESSIVE;
				GCC_WARN_UNUSED_FUNCTION = YES;
				GCC_WARN_UNUSED_VARIABLE = YES;
				IPHONEOS_DEPLOYMENT_TARGET = 26.0;
				LOCALIZATION_PREFERS_STRING_CATALOGS = YES;
				MTL_ENABLE_DEBUG_INFO = INCLUDE_SOURCE;
				MTL_FAST_MATH = YES;
				ONLY_ACTIVE_ARCH = YES;
				SDKROOT = iphoneos;
				STRING_CATALOG_GENERATE_SYMBOLS = YES;
				SWIFT_ACTIVE_COMPILATION_CONDITIONS = "DEBUG $(inherited)";
				SWIFT_OPTIMIZATION_LEVEL = "-Onone";
			};
			name = Debug;
		};
		9F592D8F2DFF0B7E00525BF9 /* Release */ = {
			isa = XCBuildConfiguration;
			buildSettings = {
				ALWAYS_SEARCH_USER_PATHS = NO;
				ASSETCATALOG_COMPILER_GENERATE_SWIFT_ASSET_SYMBOL_EXTENSIONS = YES;
				CLANG_ANALYZER_NONNULL = YES;
				CLANG_ANALYZER_NUMBER_OBJECT_CONVERSION = YES_AGGRESSIVE;
				CLANG_CXX_LANGUAGE_STANDARD = "gnu++20";
				CLANG_ENABLE_MODULES = YES;
				CLANG_ENABLE_OBJC_ARC = YES;
				CLANG_ENABLE_OBJC_WEAK = YES;
				CLANG_WARN_BLOCK_CAPTURE_AUTORELEASING = YES;
				CLANG_WARN_BOOL_CONVERSION = YES;
				CLANG_WARN_COMMA = YES;
				CLANG_WARN_CONSTANT_CONVERSION = YES;
				CLANG_WARN_DEPRECATED_OBJC_IMPLEMENTATIONS = YES;
				CLANG_WARN_DIRECT_OBJC_ISA_USAGE = YES_ERROR;
				CLANG_WARN_DOCUMENTATION_COMMENTS = YES;
				CLANG_WARN_EMPTY_BODY = YES;
				CLANG_WARN_ENUM_CONVERSION = YES;
				CLANG_WARN_INFINITE_RECURSION = YES;
				CLANG_WARN_INT_CONVERSION = YES;
				CLANG_WARN_NON_LITERAL_NULL_CONVERSION = YES;
				CLANG_WARN_OBJC_IMPLICIT_RETAIN_SELF = YES;
				CLANG_WARN_OBJC_LITERAL_CONVERSION = YES;
				CLANG_WARN_OBJC_ROOT_CLASS = YES_ERROR;
				CLANG_WARN_QUOTED_INCLUDE_IN_FRAMEWORK_HEADER = YES;
				CLANG_WARN_RANGE_LOOP_ANALYSIS = YES;
				CLANG_WARN_STRICT_PROTOTYPES = YES;
				CLANG_WARN_SUSPICIOUS_MOVE = YES;
				CLANG_WARN_UNGUARDED_AVAILABILITY = YES_AGGRESSIVE;
				CLANG_WARN_UNREACHABLE_CODE = YES;
				CLANG_WARN__DUPLICATE_METHOD_MATCH = YES;
				COPY_PHASE_STRIP = NO;
				DEBUG_INFORMATION_FORMAT = "dwarf-with-dsym";
				DEVELOPMENT_TEAM = 7XZF229B8W;
				ENABLE_NS_ASSERTIONS = NO;
				ENABLE_STRICT_OBJC_MSGSEND = YES;
				ENABLE_USER_SCRIPT_SANDBOXING = YES;
				GCC_C_LANGUAGE_STANDARD = gnu17;
				GCC_NO_COMMON_BLOCKS = YES;
				GCC_WARN_64_TO_32_BIT_CONVERSION = YES;
				GCC_WARN_ABOUT_RETURN_TYPE = YES_ERROR;
				GCC_WARN_UNDECLARED_SELECTOR = YES;
				GCC_WARN_UNINITIALIZED_AUTOS = YES_AGGRESSIVE;
				GCC_WARN_UNUSED_FUNCTION = YES;
				GCC_WARN_UNUSED_VARIABLE = YES;
				IPHONEOS_DEPLOYMENT_TARGET = 26.0;
				LOCALIZATION_PREFERS_STRING_CATALOGS = YES;
				MTL_ENABLE_DEBUG_INFO = NO;
				MTL_FAST_MATH = YES;
				SDKROOT = iphoneos;
				STRING_CATALOG_GENERATE_SYMBOLS = YES;
				SWIFT_COMPILATION_MODE = wholemodule;
				VALIDATE_PRODUCT = YES;
			};
			name = Release;
		};
		9F592D912DFF0B7E00525BF9 /* Debug */ = {
			isa = XCBuildConfiguration;
			baseConfigurationReference = 9FD2E4602F5E500D005AED0A /* Config/App-Debug.xcconfig */;
			buildSettings = {
				ASSETCATALOG_COMPILER_APPICON_NAME = AppIcon;
				ASSETCATALOG_COMPILER_GLOBAL_ACCENT_COLOR_NAME = AccentColor;
				ASSETCATALOG_COMPILER_INCLUDE_ALL_APPICON_ASSETS = NO;
				CODE_SIGN_ENTITLEMENTS = FootballScanningAI/FootballScanningAI.entitlements;
				CODE_SIGN_STYLE = Automatic;
				CURRENT_PROJECT_VERSION = 2;
				DEVELOPMENT_TEAM = 7XZF229B8W;
				ENABLE_PREVIEWS = YES;
				GENERATE_INFOPLIST_FILE = YES;
				INFOPLIST_FILE = Info.plist;
				INFOPLIST_KEY_CFBundleDisplayName = "PBA Training";
				INFOPLIST_KEY_LSApplicationCategoryType = "public.app-category.sports";
				INFOPLIST_KEY_NSLocalNetworkUsageDescription = "This app uses the local network to connect the Display device (grid) and Coach device (trigger) for the 2-Minute Test and other activities. Both devices must allow access.";
				INFOPLIST_KEY_UIApplicationSceneManifest_Generation = YES;
				INFOPLIST_KEY_UIApplicationSupportsIndirectInputEvents = YES;
				INFOPLIST_KEY_UILaunchScreen_Generation = YES;
				INFOPLIST_KEY_UISupportedInterfaceOrientations_iPad = "UIInterfaceOrientationPortrait UIInterfaceOrientationPortraitUpsideDown UIInterfaceOrientationLandscapeLeft UIInterfaceOrientationLandscapeRight";
				INFOPLIST_KEY_UISupportedInterfaceOrientations_iPhone = "UIInterfaceOrientationPortrait UIInterfaceOrientationLandscapeLeft UIInterfaceOrientationLandscapeRight";
				IPHONEOS_DEPLOYMENT_TARGET = 18.0;
				LD_RUNPATH_SEARCH_PATHS = (
					"$(inherited)",
					"@executable_path/Frameworks",
				);
				MARKETING_VERSION = 1.0;
				PRODUCT_BUNDLE_IDENTIFIER = com.infinitefootball.scanningpro;
				PRODUCT_NAME = "Infinite Football Scanning Pro";
				STRING_CATALOG_GENERATE_SYMBOLS = YES;
				SUPPORTED_PLATFORMS = "iphoneos iphonesimulator";
				SUPPORTS_MACCATALYST = NO;
				SUPPORTS_MAC_DESIGNED_FOR_IPHONE_IPAD = NO;
				SUPPORTS_XR_DESIGNED_FOR_IPHONE_IPAD = NO;
				SWIFT_DEFAULT_ACTOR_ISOLATION = MainActor;
				SWIFT_EMIT_LOC_STRINGS = YES;
				SWIFT_UPCOMING_FEATURE_MEMBER_IMPORT_VISIBILITY = YES;
				SWIFT_VERSION = 5.0;
				TARGETED_DEVICE_FAMILY = "1,2";
			};
			name = Debug;
		};
		9F592D922DFF0B7E00525BF9 /* Release */ = {
			isa = XCBuildConfiguration;
			baseConfigurationReference = 9FD2E4612F5E500D005AED0B /* Config/App-Release.xcconfig */;
			buildSettings = {
				ASSETCATALOG_COMPILER_APPICON_NAME = AppIcon;
				ASSETCATALOG_COMPILER_GLOBAL_ACCENT_COLOR_NAME = AccentColor;
				ASSETCATALOG_COMPILER_INCLUDE_ALL_APPICON_ASSETS = NO;
				CODE_SIGN_ENTITLEMENTS = FootballScanningAI/FootballScanningAI.entitlements;
				CODE_SIGN_STYLE = Automatic;
				CURRENT_PROJECT_VERSION = 2;
				DEVELOPMENT_TEAM = 7XZF229B8W;
				ENABLE_PREVIEWS = YES;
				GENERATE_INFOPLIST_FILE = YES;
				INFOPLIST_FILE = Info.plist;
				INFOPLIST_KEY_CFBundleDisplayName = "PBA Training";
				INFOPLIST_KEY_LSApplicationCategoryType = "public.app-category.sports";
				INFOPLIST_KEY_NSLocalNetworkUsageDescription = "This app uses the local network to connect the Display device (grid) and Coach device (trigger) for the 2-Minute Test and other activities. Both devices must allow access.";
				INFOPLIST_KEY_UIApplicationSceneManifest_Generation = YES;
				INFOPLIST_KEY_UIApplicationSupportsIndirectInputEvents = YES;
				INFOPLIST_KEY_UILaunchScreen_Generation = YES;
				INFOPLIST_KEY_UISupportedInterfaceOrientations_iPad = "UIInterfaceOrientationPortrait UIInterfaceOrientationPortraitUpsideDown UIInterfaceOrientationLandscapeLeft UIInterfaceOrientationLandscapeRight";
				INFOPLIST_KEY_UISupportedInterfaceOrientations_iPhone = "UIInterfaceOrientationPortrait UIInterfaceOrientationLandscapeLeft UIInterfaceOrientationLandscapeRight";
				IPHONEOS_DEPLOYMENT_TARGET = 18.0;
				LD_RUNPATH_SEARCH_PATHS = (
					"$(inherited)",
					"@executable_path/Frameworks",
				);
				MARKETING_VERSION = 1.0;
				PRODUCT_BUNDLE_IDENTIFIER = com.infinitefootball.scanningpro;
				PRODUCT_NAME = "Infinite Football Scanning Pro";
				STRING_CATALOG_GENERATE_SYMBOLS = YES;
				SUPPORTED_PLATFORMS = "iphoneos iphonesimulator";
				SUPPORTS_MACCATALYST = NO;
				SUPPORTS_MAC_DESIGNED_FOR_IPHONE_IPAD = NO;
				SUPPORTS_XR_DESIGNED_FOR_IPHONE_IPAD = NO;
				SWIFT_DEFAULT_ACTOR_ISOLATION = MainActor;
				SWIFT_EMIT_LOC_STRINGS = YES;
				SWIFT_UPCOMING_FEATURE_MEMBER_IMPORT_VISIBILITY = YES;
				SWIFT_VERSION = 5.0;
				TARGETED_DEVICE_FAMILY = "1,2";
			};
			name = Release;
		};
		9F592D942DFF0B7E00525BF9 /* Debug */ = {
			isa = XCBuildConfiguration;
			buildSettings = {
				BUNDLE_LOADER = "$(TEST_HOST)";
				CODE_SIGN_STYLE = Automatic;
				CURRENT_PROJECT_VERSION = 1;
				DEVELOPMENT_TEAM = 7XZF229B8W;
				GENERATE_INFOPLIST_FILE = YES;
				INFOPLIST_FILE = FootballScanningAITests/Info.plist;
				IPHONEOS_DEPLOYMENT_TARGET = 26.0;
				MARKETING_VERSION = 1.0;
				PRODUCT_BUNDLE_IDENTIFIER = com.infinitefootball.scanningpro.uitests;
				PRODUCT_NAME = "$(TARGET_NAME)";
				STRING_CATALOG_GENERATE_SYMBOLS = NO;
				SWIFT_EMIT_LOC_STRINGS = NO;
				SWIFT_UPCOMING_FEATURE_MEMBER_IMPORT_VISIBILITY = YES;
				SWIFT_VERSION = 5.0;
				TARGETED_DEVICE_FAMILY = "1,2";
				TEST_HOST = "$(BUILT_PRODUCTS_DIR)/Infinite Football Scanning Pro.app/$(BUNDLE_EXECUTABLE_FOLDER_PATH)/Infinite Football Scanning Pro";
			};
			name = Debug;
		};
		9F592D952DFF0B7E00525BF9 /* Release */ = {
			isa = XCBuildConfiguration;
			buildSettings = {
				BUNDLE_LOADER = "$(TEST_HOST)";
				CODE_SIGN_STYLE = Automatic;
				CURRENT_PROJECT_VERSION = 1;
				DEVELOPMENT_TEAM = 7XZF229B8W;
				GENERATE_INFOPLIST_FILE = YES;
				INFOPLIST_FILE = FootballScanningAITests/Info.plist;
				IPHONEOS_DEPLOYMENT_TARGET = 26.0;
				MARKETING_VERSION = 1.0;
				PRODUCT_BUNDLE_IDENTIFIER = com.infinitefootball.scanningpro.uitests;
				PRODUCT_NAME = "$(TARGET_NAME)";
				STRING_CATALOG_GENERATE_SYMBOLS = NO;
				SWIFT_EMIT_LOC_STRINGS = NO;
				SWIFT_UPCOMING_FEATURE_MEMBER_IMPORT_VISIBILITY = YES;
				SWIFT_VERSION = 5.0;
				TARGETED_DEVICE_FAMILY = "1,2";
				TEST_HOST = "$(BUILT_PRODUCTS_DIR)/Infinite Football Scanning Pro.app/$(BUNDLE_EXECUTABLE_FOLDER_PATH)/Infinite Football Scanning Pro";
			};
			name = Release;
		};
		9F592D972DFF0B7E00525BF9 /* Debug */ = {
			isa = XCBuildConfiguration;
			buildSettings = {
				CODE_SIGN_STYLE = Automatic;
				CURRENT_PROJECT_VERSION = 1;
				DEVELOPMENT_TEAM = 7XZF229B8W;
				GENERATE_INFOPLIST_FILE = YES;
				MARKETING_VERSION = 1.0;
				PRODUCT_BUNDLE_IDENTIFIER = com.infinitefootball.scanningpro.uitests;
				PRODUCT_NAME = "$(TARGET_NAME)";
				STRING_CATALOG_GENERATE_SYMBOLS = NO;
				SWIFT_EMIT_LOC_STRINGS = NO;
				SWIFT_UPCOMING_FEATURE_MEMBER_IMPORT_VISIBILITY = YES;
				SWIFT_VERSION = 5.0;
				TARGETED_DEVICE_FAMILY = "1,2";
				TEST_TARGET_NAME = FootballScanningAI;
			};
			name = Debug;
		};
		9F592D982DFF0B7E00525BF9 /* Release */ = {
			isa = XCBuildConfiguration;
			buildSettings = {
				CODE_SIGN_STYLE = Automatic;
				CURRENT_PROJECT_VERSION = 1;
				DEVELOPMENT_TEAM = 7XZF229B8W;
				GENERATE_INFOPLIST_FILE = YES;
				MARKETING_VERSION = 1.0;
				PRODUCT_BUNDLE_IDENTIFIER = com.infinitefootball.scanningpro.uitests;
				PRODUCT_NAME = "$(TARGET_NAME)";
				STRING_CATALOG_GENERATE_SYMBOLS = NO;
				SWIFT_EMIT_LOC_STRINGS = NO;
				SWIFT_UPCOMING_FEATURE_MEMBER_IMPORT_VISIBILITY = YES;
				SWIFT_VERSION = 5.0;
				TARGETED_DEVICE_FAMILY = "1,2";
				TEST_TARGET_NAME = FootballScanningAI;
			};
			name = Release;
		};
/* End XCBuildConfiguration section */

/* Begin XCConfigurationList section */
		9F592D6A2DFF0B7D00525BF9 /* Build configuration list for PBXProject "FootballScanningAI" */ = {
			isa = XCConfigurationList;
			buildConfigurations = (
				9F592D8E2DFF0B7E00525BF9 /* Debug */,
				9F592D8F2DFF0B7E00525BF9 /* Release */,
			);
			defaultConfigurationIsVisible = 0;
			defaultConfigurationName = Release;
		};
		9F592D902DFF0B7E00525BF9 /* Build configuration list for PBXNativeTarget "InfiniteFootballScanningPro" */ = {
			isa = XCConfigurationList;
			buildConfigurations = (
				9F592D912DFF0B7E00525BF9 /* Debug */,
				9F592D922DFF0B7E00525BF9 /* Release */,
			);
			defaultConfigurationIsVisible = 0;
			defaultConfigurationName = Release;
		};
		9F592D932DFF0B7E00525BF9 /* Build configuration list for PBXNativeTarget "FootballScanningAITests" */ = {
			isa = XCConfigurationList;
			buildConfigurations = (
				9F592D942DFF0B7E00525BF9 /* Debug */,
				9F592D952DFF0B7E00525BF9 /* Release */,
			);
			defaultConfigurationIsVisible = 0;
			defaultConfigurationName = Release;
		};
		9F592D962DFF0B7E00525BF9 /* Build configuration list for PBXNativeTarget "FootballScanningAIUITests" */ = {
			isa = XCConfigurationList;
			buildConfigurations = (
				9F592D972DFF0B7E00525BF9 /* Debug */,
				9F592D982DFF0B7E00525BF9 /* Release */,
			);
			defaultConfigurationIsVisible = 0;
			defaultConfigurationName = Release;
		};
/* End XCConfigurationList section */

/* Begin XCRemoteSwiftPackageReference section */
		9F592DA02DFF0B7D00525BF9 /* XCRemoteSwiftPackageReference "supabase-swift" */ = {
			isa = XCRemoteSwiftPackageReference;
			repositoryURL = "https://github.com/supabase/supabase-swift.git";
			requirement = {
				kind = upToNextMajorVersion;
				minimumVersion = 2.0.0;
			};
		};
/* End XCRemoteSwiftPackageReference section */

/* Begin XCSwiftPackageProductDependency section */
		9F592DA12DFF0B7D00525BF9 /* Supabase */ = {
			isa = XCSwiftPackageProductDependency;
			package = 9F592DA02DFF0B7D00525BF9 /* XCRemoteSwiftPackageReference "supabase-swift" */;
			productName = Supabase;
		};
/* End XCSwiftPackageProductDependency section */
	};
	rootObject = 9F592D672DFF0B7D00525BF9 /* Project object */;
}
